
Microsoft Visual Studio Solution File, Format Version 12.00
# Visual Studio 15
VisualStudioVersion = 15.0.28307.1231
MinimumVisualStudioVersion = 10.0.40219.1
Project("{FAE04EC0-301F-11D3-BF4B-00C04F79EFBC}") = "exercicio2GFT", "exercicio2GFT\exercicio2GFT.csproj", "{2EF15DBF-5BA1-44CC-966A-D43456EBCB32}"
EndProject
Global
	GlobalSection(SolutionConfigurationPlatforms) = preSolution
		Debug|Any CPU = Debug|Any CPU
		Release|Any CPU = Release|Any CPU
	EndGlobalSection
	GlobalSection(ProjectConfigurationPlatforms) = postSolution
		{2EF15DBF-5BA1-44CC-966A-D43456EBCB32}.Debug|Any CPU.ActiveCfg = Debug|Any CPU
		{2EF15DBF-5BA1-44CC-966A-D43456EBCB32}.Debug|Any CPU.Build.0 = Debug|Any CPU
		{2EF15DBF-5BA1-44CC-966A-D43456EBCB32}.Release|Any CPU.ActiveCfg = Release|Any CPU
		{2EF15DBF-5BA1-44CC-966A-D43456EBCB32}.Release|Any CPU.Build.0 = Release|Any CPU
	EndGlobalSection
	GlobalSection(SolutionProperties) = preSolution
		HideSolutionNode = FALSE
	EndGlobalSection
	GlobalSection(ExtensibilityGlobals) = postSolution
		SolutionGuid = {302159A6-F527-45E4-B3D3-232F40E6284D}
	EndGlobalSection
EndGlobal
